version = 1
revision = 3
requires-python = ">=3.11"

[[package]]
name = "sonic-supervisord-utilities"
version = "1.0.0"
source = { virtual = "." }
dependencies = [
    { name = "supervisor" },
]

[package.metadata]
requires-dist = [{ name = "supervisor", specifier = ">=4.0.0" }]

[[package]]
name = "supervisor"
version = "4.3.0"
source = { registry = "https://pypi.org/simple" }
sdist = { url = "https://files.pythonhosted.org/packages/a9/b5/37e7a3706de436a8a2d75334711dad1afb4ddffab09f25e31d89e467542f/supervisor-4.3.0.tar.gz", hash = "sha256:4a2bf149adf42997e1bb44b70c43b613275ec9852c3edacca86a9166b27e945e", size = 468912, upload-time = "2025-08-23T18:25:02.418Z" }
wheels = [
    { url = "https://files.pythonhosted.org/packages/0e/65/5e726c372da8a5e35022a94388b12252710aad0c2351699c3d76ae8dba78/supervisor-4.3.0-py2.py3-none-any.whl", hash = "sha256:0bcb763fddafba410f35cbde226aa7f8514b9fb82eb05a0c85f6588d1c13f8db", size = 320736, upload-time = "2025-08-23T18:25:00.767Z" },
]
