version = 1
revision = 3
requires-python = "==3.11.6"

[[package]]
name = "bitarray"
version = "2.8.1"
source = { registry = "https://pypi.org/simple" }
sdist = { url = "https://files.pythonhosted.org/packages/2b/22/b33fdaea9cb2de8a5b00b4b57bc91edef10c7e4aebec1f5c6235d501ba91/bitarray-2.8.1.tar.gz", hash = "sha256:e68ceef35a88625d16169550768fcc8d3894913e363c24ecbf6b8c07eb02c8f3", size = 128846, upload-time = "2023-08-07T01:23:02.419Z" }
wheels = [
    { url = "https://files.pythonhosted.org/packages/fb/40/69b46e46e57e17cd1972ed875921e389305d8321e689fe807328683caeec/bitarray-2.8.1-cp311-cp311-macosx_10_9_universal2.whl", hash = "sha256:2d3f28a80f2e6bb96e9360a4baf3fbacb696b5aba06a14c18a15488d4b6f398f", size = 172559, upload-time = "2023-08-07T01:20:30.993Z" },
    { url = "https://files.pythonhosted.org/packages/3d/06/aaa8484a66d1e11f9cc165e9c7e6ab9396652957ff43038a4a1ec7e17e80/bitarray-2.8.1-cp311-cp311-macosx_10_9_x86_64.whl", hash = "sha256:4677477a406f2a9e064920463f69172b865e4d69117e1f2160064d3f5912b0bd", size = 124536, upload-time = "2023-08-07T01:20:32.542Z" },
    { url = "https://files.pythonhosted.org/packages/a6/12/e2464007419d28bf77ff6c18c881edc15d4b2ed47ca2a8d672c74bb7e2bc/bitarray-2.8.1-cp311-cp311-macosx_11_0_arm64.whl", hash = "sha256:9061c0a50216f24c97fb2325de84200e5ad5555f25c854ddcb3ceb6f12136055", size = 121717, upload-time = "2023-08-07T01:20:34.081Z" },
    { url = "https://files.pythonhosted.org/packages/e1/80/ee2fc25983dfb61efcec4f5e5ee810acf50d6f45de083bac92844821c852/bitarray-2.8.1-cp311-cp311-manylinux_2_17_aarch64.manylinux2014_aarch64.whl", hash = "sha256:843af12991161b358b6379a8dc5f6636798f3dacdae182d30995b6a2df3b263e", size = 297666, upload-time = "2023-08-07T01:20:35.496Z" },
    { url = "https://files.pythonhosted.org/packages/ec/3b/5f2327a878820b26f371464241bbaf04331bc1441086c7aefd9d3405f2e6/bitarray-2.8.1-cp311-cp311-manylinux_2_17_ppc64le.manylinux2014_ppc64le.whl", hash = "sha256:9336300fd0acf07ede92e424930176dc4b43ef1b298489e93ba9a1695e8ea752", size = 314680, upload-time = "2023-08-07T01:20:37.24Z" },
    { url = "https://files.pythonhosted.org/packages/ca/ca/fb2fa6932cf5c32a223f56031e88a294e214fc8e90fefa9ff1bdc6e9521f/bitarray-2.8.1-cp311-cp311-manylinux_2_17_s390x.manylinux2014_s390x.whl", hash = "sha256:f0af01e1f61fe627f63648c0c6f52de8eac56710a2ef1dbce4851d867084cc7e", size = 313954, upload-time = "2023-08-07T01:20:39.332Z" },
    { url = "https://files.pythonhosted.org/packages/e9/aa/0f507d1a49e1fe9b77ca84b645bbeb59f8a41996b64daf936ad79edbc87b/bitarray-2.8.1-cp311-cp311-manylinux_2_17_x86_64.manylinux2014_x86_64.whl", hash = "sha256:2ab81c74a1805fe74330859b38e70d7525cdd80953461b59c06660046afaffcf", size = 296070, upload-time = "2023-08-07T01:20:41.463Z" },
    { url = "https://files.pythonhosted.org/packages/97/b6/05bcb0a7d5c0e285f56979bf9bf1efb47d858ed0ce77f727f8f45e027fe0/bitarray-2.8.1-cp311-cp311-manylinux_2_5_i686.manylinux1_i686.manylinux_2_17_i686.manylinux2014_i686.whl", hash = "sha256:b2015a9dd718393e814ff7b9e80c58190eb1cef7980f86a97a33e8440e158ce2", size = 283486, upload-time = "2023-08-07T01:20:43.551Z" },
    { url = "https://files.pythonhosted.org/packages/18/10/7d163a94bfbcfcf989a006c7f7b285a2301246da6133ebabdcd3f50ee17c/bitarray-2.8.1-cp311-cp311-musllinux_1_1_aarch64.whl", hash = "sha256:5b0493ab66c6b8e17e9fde74c646b39ee09c236cf28a787cb8cbd3a83c05bff7", size = 326718, upload-time = "2023-08-07T01:20:45.273Z" },
    { url = "https://files.pythonhosted.org/packages/4f/ac/c9590fc98dbb2148865db1bd31d52d37425af73bb94ead0f48a03d618cb8/bitarray-2.8.1-cp311-cp311-musllinux_1_1_i686.whl", hash = "sha256:81e83ed7e0b1c09c5a33b97712da89e7a21fd3e5598eff3975c39540f5619792", size = 311038, upload-time = "2023-08-07T01:20:47.571Z" },
    { url = "https://files.pythonhosted.org/packages/ba/14/e59c216a355f619f0fad3842d27e6f502cebc2d49b693c631e46993ea4f1/bitarray-2.8.1-cp311-cp311-musllinux_1_1_ppc64le.whl", hash = "sha256:741c3a2c0997c8f8878edfc65a4a8f7aa72eede337c9bc0b7bd8a45cf6e70dbc", size = 340531, upload-time = "2023-08-07T01:20:50.016Z" },
    { url = "https://files.pythonhosted.org/packages/d1/d6/a8c5a3efe83ccff3bada1295174094c29710775ac74163519c09ae0d28d6/bitarray-2.8.1-cp311-cp311-musllinux_1_1_s390x.whl", hash = "sha256:57aeab27120a8a50917845bb81b0976e33d4759f2156b01359e2b43d445f5127", size = 344893, upload-time = "2023-08-07T01:20:51.807Z" },
    { url = "https://files.pythonhosted.org/packages/0d/9a/78411a90a7601eb1a641fd5d29a7fcaa775e59385412a4e499aec0e9a24b/bitarray-2.8.1-cp311-cp311-musllinux_1_1_x86_64.whl", hash = "sha256:17c32ba584e8fb9322419390e0e248769ed7d59de3ffa7432562a4c0ec4f1f82", size = 322684, upload-time = "2023-08-07T01:20:53.329Z" },
    { url = "https://files.pythonhosted.org/packages/64/8f/e68e21978088b218dc5e13b2daff44e30946ed6d012bff09dd62d670b9aa/bitarray-2.8.1-cp311-cp311-win32.whl", hash = "sha256:b67733a240a96f09b7597af97ac4d60c59140cfcfd180f11a7221863b82f023a", size = 115727, upload-time = "2023-08-07T01:20:55.304Z" },
    { url = "https://files.pythonhosted.org/packages/24/2a/e601104038cde9537a3044f6ec824bb9237f763579bc361138824825fb3c/bitarray-2.8.1-cp311-cp311-win_amd64.whl", hash = "sha256:7b29d4bf3d3da1847f2be9e30105bf51caaf5922e94dc827653e250ed33f4e8a", size = 122981, upload-time = "2023-08-07T01:20:57.136Z" },
]

[[package]]
name = "build"
version = "1.3.0"
source = { registry = "https://pypi.org/simple" }
dependencies = [
    { name = "colorama", marker = "os_name == 'nt'" },
    { name = "packaging" },
    { name = "pyproject-hooks" },
]
sdist = { url = "https://files.pythonhosted.org/packages/25/1c/23e33405a7c9eac261dff640926b8b5adaed6a6eb3e1767d441ed611d0c0/build-1.3.0.tar.gz", hash = "sha256:698edd0ea270bde950f53aed21f3a0135672206f3911e0176261a31e0e07b397", size = 48544, upload-time = "2025-08-01T21:27:09.268Z" }
wheels = [
    { url = "https://files.pythonhosted.org/packages/cb/8c/2b30c12155ad8de0cf641d76a8b396a16d2c36bc6d50b621a62b7c4567c1/build-1.3.0-py3-none-any.whl", hash = "sha256:7145f0b5061ba90a1500d60bd1b13ca0a8a4cebdd0cc16ed8adf1c0e739f43b4", size = 23382, upload-time = "2025-08-01T21:27:07.844Z" },
]

[[package]]
name = "cffi"
version = "2.0.0"
source = { registry = "https://pypi.org/simple" }
dependencies = [
    { name = "pycparser", marker = "implementation_name != 'PyPy'" },
]
sdist = { url = "https://files.pythonhosted.org/packages/eb/56/b1ba7935a17738ae8453301356628e8147c79dbb825bcbc73dc7401f9846/cffi-2.0.0.tar.gz", hash = "sha256:44d1b5909021139fe36001ae048dbdde8214afa20200eda0f64c068cac5d5529", size = 523588, upload-time = "2025-09-08T23:24:04.541Z" }
wheels = [
    { url = "https://files.pythonhosted.org/packages/12/4a/3dfd5f7850cbf0d06dc84ba9aa00db766b52ca38d8b86e3a38314d52498c/cffi-2.0.0-cp311-cp311-macosx_10_13_x86_64.whl", hash = "sha256:b4c854ef3adc177950a8dfc81a86f5115d2abd545751a304c5bcf2c2c7283cfe", size = 184344, upload-time = "2025-09-08T23:22:26.456Z" },
    { url = "https://files.pythonhosted.org/packages/4f/8b/f0e4c441227ba756aafbe78f117485b25bb26b1c059d01f137fa6d14896b/cffi-2.0.0-cp311-cp311-macosx_11_0_arm64.whl", hash = "sha256:2de9a304e27f7596cd03d16f1b7c72219bd944e99cc52b84d0145aefb07cbd3c", size = 180560, upload-time = "2025-09-08T23:22:28.197Z" },
    { url = "https://files.pythonhosted.org/packages/b1/b7/1200d354378ef52ec227395d95c2576330fd22a869f7a70e88e1447eb234/cffi-2.0.0-cp311-cp311-manylinux1_i686.manylinux2014_i686.manylinux_2_17_i686.manylinux_2_5_i686.whl", hash = "sha256:baf5215e0ab74c16e2dd324e8ec067ef59e41125d3eade2b863d294fd5035c92", size = 209613, upload-time = "2025-09-08T23:22:29.475Z" },
    { url = "https://files.pythonhosted.org/packages/b8/56/6033f5e86e8cc9bb629f0077ba71679508bdf54a9a5e112a3c0b91870332/cffi-2.0.0-cp311-cp311-manylinux2014_aarch64.manylinux_2_17_aarch64.whl", hash = "sha256:730cacb21e1bdff3ce90babf007d0a0917cc3e6492f336c2f0134101e0944f93", size = 216476, upload-time = "2025-09-08T23:22:31.063Z" },
    { url = "https://files.pythonhosted.org/packages/dc/7f/55fecd70f7ece178db2f26128ec41430d8720f2d12ca97bf8f0a628207d5/cffi-2.0.0-cp311-cp311-manylinux2014_ppc64le.manylinux_2_17_ppc64le.whl", hash = "sha256:6824f87845e3396029f3820c206e459ccc91760e8fa24422f8b0c3d1731cbec5", size = 203374, upload-time = "2025-09-08T23:22:32.507Z" },
    { url = "https://files.pythonhosted.org/packages/84/ef/a7b77c8bdc0f77adc3b46888f1ad54be8f3b7821697a7b89126e829e676a/cffi-2.0.0-cp311-cp311-manylinux2014_s390x.manylinux_2_17_s390x.whl", hash = "sha256:9de40a7b0323d889cf8d23d1ef214f565ab154443c42737dfe52ff82cf857664", size = 202597, upload-time = "2025-09-08T23:22:34.132Z" },
    { url = "https://files.pythonhosted.org/packages/d7/91/500d892b2bf36529a75b77958edfcd5ad8e2ce4064ce2ecfeab2125d72d1/cffi-2.0.0-cp311-cp311-manylinux2014_x86_64.manylinux_2_17_x86_64.whl", hash = "sha256:8941aaadaf67246224cee8c3803777eed332a19d909b47e29c9842ef1e79ac26", size = 215574, upload-time = "2025-09-08T23:22:35.443Z" },
    { url = "https://files.pythonhosted.org/packages/44/64/58f6255b62b101093d5df22dcb752596066c7e89dd725e0afaed242a61be/cffi-2.0.0-cp311-cp311-musllinux_1_2_aarch64.whl", hash = "sha256:a05d0c237b3349096d3981b727493e22147f934b20f6f125a3eba8f994bec4a9", size = 218971, upload-time = "2025-09-08T23:22:36.805Z" },
    { url = "https://files.pythonhosted.org/packages/ab/49/fa72cebe2fd8a55fbe14956f9970fe8eb1ac59e5df042f603ef7c8ba0adc/cffi-2.0.0-cp311-cp311-musllinux_1_2_i686.whl", hash = "sha256:94698a9c5f91f9d138526b48fe26a199609544591f859c870d477351dc7b2414", size = 211972, upload-time = "2025-09-08T23:22:38.436Z" },
    { url = "https://files.pythonhosted.org/packages/0b/28/dd0967a76aab36731b6ebfe64dec4e981aff7e0608f60c2d46b46982607d/cffi-2.0.0-cp311-cp311-musllinux_1_2_x86_64.whl", hash = "sha256:5fed36fccc0612a53f1d4d9a816b50a36702c28a2aa880cb8a122b3466638743", size = 217078, upload-time = "2025-09-08T23:22:39.776Z" },
    { url = "https://files.pythonhosted.org/packages/2b/c0/015b25184413d7ab0a410775fdb4a50fca20f5589b5dab1dbbfa3baad8ce/cffi-2.0.0-cp311-cp311-win32.whl", hash = "sha256:c649e3a33450ec82378822b3dad03cc228b8f5963c0c12fc3b1e0ab940f768a5", size = 172076, upload-time = "2025-09-08T23:22:40.95Z" },
    { url = "https://files.pythonhosted.org/packages/ae/8f/dc5531155e7070361eb1b7e4c1a9d896d0cb21c49f807a6c03fd63fc877e/cffi-2.0.0-cp311-cp311-win_amd64.whl", hash = "sha256:66f011380d0e49ed280c789fbd08ff0d40968ee7b665575489afa95c98196ab5", size = 182820, upload-time = "2025-09-08T23:22:42.463Z" },
    { url = "https://files.pythonhosted.org/packages/95/5c/1b493356429f9aecfd56bc171285a4c4ac8697f76e9bbbbb105e537853a1/cffi-2.0.0-cp311-cp311-win_arm64.whl", hash = "sha256:c6638687455baf640e37344fe26d37c404db8b80d037c3d29f58fe8d1c3b194d", size = 177635, upload-time = "2025-09-08T23:22:43.623Z" },
]

[[package]]
name = "colorama"
version = "0.4.6"
source = { registry = "https://pypi.org/simple" }
sdist = { url = "https://files.pythonhosted.org/packages/d8/53/6f443c9a4a8358a93a6792e2acffb9d9d5cb0a5cfd8802644b7b1c9a02e4/colorama-0.4.6.tar.gz", hash = "sha256:08695f5cb7ed6e0531a20572697297273c47b8cae5a63ffc6d6ed5c201be6e44", size = 27697, upload-time = "2022-10-25T02:36:22.414Z" }
wheels = [
    { url = "https://files.pythonhosted.org/packages/d1/d6/3965ed04c63042e047cb6a3e6ed1a63a35087b6a609aa3a15ed8ac56c221/colorama-0.4.6-py2.py3-none-any.whl", hash = "sha256:4f1d9991f5acc0ca119f9d443620b77f9d6b33703e51011c16baf57afb285fc6", size = 25335, upload-time = "2022-10-25T02:36:20.889Z" },
]

[[package]]
name = "docker-base-bookworm"
version = "0.0.1"
source = { virtual = "." }
dependencies = [
    { name = "bitarray" },
    { name = "build" },
    { name = "cffi" },
    { name = "ijson" },
    { name = "ipaddress" },
    { name = "j2cli" },
    { name = "jinja2" },
    { name = "jsondiff" },
    { name = "jsonpointer" },
    { name = "libyang" },
    { name = "lxml" },
    { name = "natsort" },
    { name = "netaddr" },
    { name = "pyyaml" },
    { name = "setuptools" },
    { name = "supervisor" },
    { name = "supervisord-dependent-startup" },
    { name = "tabulate" },
    { name = "xmltodict" },
]

[package.metadata]
requires-dist = [
    { name = "bitarray", specifier = "==2.8.1" },
    { name = "build" },
    { name = "cffi" },
    { name = "ijson", specifier = "==3.2.3" },
    { name = "ipaddress", specifier = "==1.0.23" },
    { name = "j2cli" },
    { name = "jinja2", specifier = ">=2.10" },
    { name = "jsondiff", specifier = ">=1.2.0" },
    { name = "jsonpointer", specifier = ">=1.9" },
    { name = "libyang" },
    { name = "lxml", specifier = "==4.9.1" },
    { name = "natsort" },
    { name = "netaddr", specifier = "==0.8.0" },
    { name = "pyyaml", specifier = "==6.0.1" },
    { name = "setuptools" },
    { name = "supervisor", specifier = "==4.2.5" },
    { name = "supervisord-dependent-startup", specifier = "==1.4.0" },
    { name = "tabulate", specifier = "==0.9.0" },
    { name = "xmltodict", specifier = "==0.12.0" },
]

[[package]]
name = "ijson"
version = "3.2.3"
source = { registry = "https://pypi.org/simple" }
sdist = { url = "https://files.pythonhosted.org/packages/20/58/acdd87bd1b926fa2348a7f2ee5e1e7e2c9b808db78342317fc2474c87516/ijson-3.2.3.tar.gz", hash = "sha256:10294e9bf89cb713da05bc4790bdff616610432db561964827074898e174f917", size = 57596, upload-time = "2023-07-22T06:09:44.232Z" }
wheels = [
    { url = "https://files.pythonhosted.org/packages/66/93/38fa3ca3ffec156b10b68180d972647a70305a8c4097fecdad5bcdb4d1de/ijson-3.2.3-cp311-cp311-macosx_10_9_universal2.whl", hash = "sha256:904f77dd3d87736ff668884fe5197a184748eb0c3e302ded61706501d0327465", size = 81949, upload-time = "2023-07-22T06:08:05.954Z" },
    { url = "https://files.pythonhosted.org/packages/5d/88/371bec0bdd4f5e91f7ba4710903c60a07b8784b777d02667a4e7f97ec983/ijson-3.2.3-cp311-cp311-macosx_10_9_x86_64.whl", hash = "sha256:0974444c1f416e19de1e9f567a4560890095e71e81623c509feff642114c1e53", size = 54735, upload-time = "2023-07-22T06:08:07.503Z" },
    { url = "https://files.pythonhosted.org/packages/6c/7b/337152bf341be869fd5b2c8669713a6db4b22170d2676e137b44a4a22eab/ijson-3.2.3-cp311-cp311-macosx_11_0_arm64.whl", hash = "sha256:c1a4b8eb69b6d7b4e94170aa991efad75ba156b05f0de2a6cd84f991def12ff9", size = 54121, upload-time = "2023-07-22T06:08:09.121Z" },
    { url = "https://files.pythonhosted.org/packages/d1/6d/0bcb4634a64eadd4f6d064bbfd170f556674a16c418b50a8a7d5272b9335/ijson-3.2.3-cp311-cp311-manylinux_2_17_aarch64.manylinux2014_aarch64.whl", hash = "sha256:d052417fd7ce2221114f8d3b58f05a83c1a2b6b99cafe0b86ac9ed5e2fc889df", size = 119206, upload-time = "2023-07-22T06:08:10.426Z" },
    { url = "https://files.pythonhosted.org/packages/18/86/44fd5092c76d4156bc14cae39a6def99e42a5621d947085d55cd63272b7f/ijson-3.2.3-cp311-cp311-manylinux_2_17_i686.manylinux2014_i686.whl", hash = "sha256:7b8064a85ec1b0beda7dd028e887f7112670d574db606f68006c72dd0bb0e0e2", size = 112930, upload-time = "2023-07-22T06:08:11.595Z" },
    { url = "https://files.pythonhosted.org/packages/2c/cb/8deea644d652eef65b8a7105d11b1b9df812306b59b115c3d42b34764320/ijson-3.2.3-cp311-cp311-manylinux_2_17_x86_64.manylinux2014_x86_64.whl", hash = "sha256:eaac293853f1342a8d2a45ac1f723c860f700860e7743fb97f7b76356df883a8", size = 116529, upload-time = "2023-07-22T06:08:13.253Z" },
    { url = "https://files.pythonhosted.org/packages/f9/c2/103dec4e699c5d1fc2024d3f12f6e62550a0035d02f7b52f6f2285bf2c65/ijson-3.2.3-cp311-cp311-musllinux_1_1_aarch64.whl", hash = "sha256:6c32c18a934c1dc8917455b0ce478fd7a26c50c364bd52c5a4fb0fc6bb516af7", size = 134754, upload-time = "2023-07-22T06:08:14.368Z" },
    { url = "https://files.pythonhosted.org/packages/46/09/8fc1acab4be0ad18df4210a8565cd78bcb59221535358147b5f6df06df3b/ijson-3.2.3-cp311-cp311-musllinux_1_1_i686.whl", hash = "sha256:713a919e0220ac44dab12b5fed74f9130f3480e55e90f9d80f58de129ea24f83", size = 128049, upload-time = "2023-07-22T06:08:15.465Z" },
    { url = "https://files.pythonhosted.org/packages/42/fa/70d8c1fe7e27b37f3614e3fe93ab6ad3c3e44ba2391a4f2317f00b6349f4/ijson-3.2.3-cp311-cp311-musllinux_1_1_x86_64.whl", hash = "sha256:4a3a6a2fbbe7550ffe52d151cf76065e6b89cfb3e9d0463e49a7e322a25d0426", size = 132664, upload-time = "2023-07-22T06:08:17.217Z" },
    { url = "https://files.pythonhosted.org/packages/da/b2/99bf1a1a5d987d2bf5ab1443f74a8649a0bf84af8892312ae54aeb4c7891/ijson-3.2.3-cp311-cp311-win32.whl", hash = "sha256:6a4db2f7fb9acfb855c9ae1aae602e4648dd1f88804a0d5cfb78c3639bcf156c", size = 46136, upload-time = "2023-07-22T06:08:18.841Z" },
    { url = "https://files.pythonhosted.org/packages/3f/12/2d9a51a116291589feeeb7c6ab38dfad2a48afe7e22476ce2a0df8e43443/ijson-3.2.3-cp311-cp311-win_amd64.whl", hash = "sha256:ccd6be56335cbb845f3d3021b1766299c056c70c4c9165fb2fbe2d62258bae3f", size = 48169, upload-time = "2023-07-22T06:08:20.624Z" },
]

[[package]]
name = "ipaddress"
version = "1.0.23"
source = { registry = "https://pypi.org/simple" }
sdist = { url = "https://files.pythonhosted.org/packages/b9/9a/3e9da40ea28b8210dd6504d3fe9fe7e013b62bf45902b458d1cdc3c34ed9/ipaddress-1.0.23.tar.gz", hash = "sha256:b7f8e0369580bb4a24d5ba1d7cc29660a4a6987763faf1d8a8046830e020e7e2", size = 32958, upload-time = "2019-10-18T01:30:24.58Z" }
wheels = [
    { url = "https://files.pythonhosted.org/packages/c2/f8/49697181b1651d8347d24c095ce46c7346c37335ddc7d255833e7cde674d/ipaddress-1.0.23-py2.py3-none-any.whl", hash = "sha256:6e0f4a39e66cb5bb9a137b00276a2eff74f93b71dcbdad6f10ff7df9d3557fcc", size = 18159, upload-time = "2019-10-18T01:30:27.002Z" },
]

[[package]]
name = "j2cli"
version = "0.3.10"
source = { registry = "https://pypi.org/simple" }
dependencies = [
    { name = "jinja2" },
]
sdist = { url = "https://files.pythonhosted.org/packages/fa/ce/a21d12ee70515159d06acf406026b3f2f44a3ee9f87d048a43417311fb9c/j2cli-0.3.10.tar.gz", hash = "sha256:6f6f643b3fa5c0f72fbe9f07e246f8e138052b9f689e14c7c64d582c59709ae4", size = 10490, upload-time = "2019-06-07T12:23:41.454Z" }
wheels = [
    { url = "https://files.pythonhosted.org/packages/1b/81/930d5a727d43f8d2debcafeffbe725ff23d36668dbfb750e299d6813506b/j2cli-0.3.10-py2.py3-none-any.whl", hash = "sha256:b005a40750b7b7c1c4c6e7209dc2bd6d10dee8a93a939d80884f2e2fb427d343", size = 8892, upload-time = "2019-06-07T12:23:39.928Z" },
]

[[package]]
name = "jinja2"
version = "3.1.6"
source = { registry = "https://pypi.org/simple" }
dependencies = [
    { name = "markupsafe" },
]
sdist = { url = "https://files.pythonhosted.org/packages/df/bf/f7da0350254c0ed7c72f3e33cef02e048281fec7ecec5f032d4aac52226b/jinja2-3.1.6.tar.gz", hash = "sha256:0137fb05990d35f1275a587e9aee6d56da821fc83491a0fb838183be43f66d6d", size = 245115, upload-time = "2025-03-05T20:05:02.478Z" }
wheels = [
    { url = "https://files.pythonhosted.org/packages/62/a1/3d680cbfd5f4b8f15abc1d571870c5fc3e594bb582bc3b64ea099db13e56/jinja2-3.1.6-py3-none-any.whl", hash = "sha256:85ece4451f492d0c13c5dd7c13a64681a86afae63a5f347908daf103ce6d2f67", size = 134899, upload-time = "2025-03-05T20:05:00.369Z" },
]

[[package]]
name = "jsondiff"
version = "2.2.1"
source = { registry = "https://pypi.org/simple" }
dependencies = [
    { name = "pyyaml" },
]
sdist = { url = "https://files.pythonhosted.org/packages/35/48/841137f1843fa215ea284834d1514b8e9e20962bda63a636c7417e02f8fb/jsondiff-2.2.1.tar.gz", hash = "sha256:658d162c8a86ba86de26303cd86a7b37e1b2c1ec98b569a60e2ca6180545f7fe", size = 26649, upload-time = "2024-08-29T04:09:06.201Z" }
wheels = [
    { url = "https://files.pythonhosted.org/packages/63/94/a8066f84d62ab666d61ef97deba1a33126e3e5c0c0da2c458ada17053ed6/jsondiff-2.2.1-py3-none-any.whl", hash = "sha256:b1f0f7e2421881848b1d556d541ac01a91680cfcc14f51a9b62cdf4da0e56722", size = 13440, upload-time = "2024-08-29T04:09:04.955Z" },
]

[[package]]
name = "jsonpointer"
version = "3.0.0"
source = { registry = "https://pypi.org/simple" }
sdist = { url = "https://files.pythonhosted.org/packages/6a/0a/eebeb1fa92507ea94016a2a790b93c2ae41a7e18778f85471dc54475ed25/jsonpointer-3.0.0.tar.gz", hash = "sha256:2b2d729f2091522d61c3b31f82e11870f60b68f43fbc705cb76bf4b832af59ef", size = 9114, upload-time = "2024-06-10T19:24:42.462Z" }
wheels = [
    { url = "https://files.pythonhosted.org/packages/71/92/5e77f98553e9e75130c78900d000368476aed74276eb8ae8796f65f00918/jsonpointer-3.0.0-py2.py3-none-any.whl", hash = "sha256:13e088adc14fca8b6aa8177c044e12701e6ad4b28ff10e65f2267a90109c9942", size = 7595, upload-time = "2024-06-10T19:24:40.698Z" },
]

[[package]]
name = "libyang"
version = "3.3.0"
source = { registry = "https://pypi.org/simple" }
dependencies = [
    { name = "cffi", marker = "platform_python_implementation != 'PyPy'" },
]
sdist = { url = "https://files.pythonhosted.org/packages/34/d8/ebe9de6d29eaf62a684b34d30118294e48a05d7fbd1bb0af002b7627140d/libyang-3.3.0.tar.gz", hash = "sha256:97da2c908a8a3607ac834f2acec224ea53a4b9e9770c13e5598513641decf637", size = 75723, upload-time = "2025-11-13T17:38:45.738Z" }

[[package]]
name = "lxml"
version = "4.9.1"
source = { registry = "https://pypi.org/simple" }
sdist = { url = "https://files.pythonhosted.org/packages/70/bb/7a2c7b4f8f434aa1ee801704bf08f1e53d7b5feba3d5313ab17003477808/lxml-4.9.1.tar.gz", hash = "sha256:fe749b052bb7233fe5d072fcb549221a8cb1a16725c47c37e42b0b9cb3ff2c3f", size = 3377628, upload-time = "2022-07-01T20:14:49.616Z" }
wheels = [
    { url = "https://files.pythonhosted.org/packages/2c/54/224c8c8efd36cbf292ee678161e75be34fb547a43ff6c7c5ae6d49a125fa/lxml-4.9.1-cp311-cp311-manylinux_2_12_i686.manylinux2010_i686.manylinux_2_24_i686.whl", hash = "sha256:be9eb06489bc975c38706902cbc6888f39e946b81383abc2838d186f0e8b6a9d", size = 7046509, upload-time = "2022-07-01T20:10:53.982Z" },
    { url = "https://files.pythonhosted.org/packages/d1/71/c865c165583aff2d2806e2bce886d580aa513bb0e5d5d3a5aec7fc57d40c/lxml-4.9.1-cp311-cp311-manylinux_2_17_x86_64.manylinux2014_x86_64.manylinux_2_24_x86_64.whl", hash = "sha256:f1be258c4d3dc609e654a1dc59d37b17d7fef05df912c01fc2e15eb43a9735f3", size = 6972204, upload-time = "2022-07-01T20:11:00.594Z" },
    { url = "https://files.pythonhosted.org/packages/51/3a/372f8bc6e6a16dea6c63bd89b471864322816b522ccd1e5dc077ff07750b/lxml-4.9.1-cp311-cp311-musllinux_1_1_x86_64.whl", hash = "sha256:927a9dd016d6033bc12e0bf5dee1dde140235fc8d0d51099353c76081c03dc29", size = 7588387, upload-time = "2022-07-01T20:11:05.763Z" },
]

[[package]]
name = "markupsafe"
version = "3.0.3"
source = { registry = "https://pypi.org/simple" }
sdist = { url = "https://files.pythonhosted.org/packages/7e/99/7690b6d4034fffd95959cbe0c02de8deb3098cc577c67bb6a24fe5d7caa7/markupsafe-3.0.3.tar.gz", hash = "sha256:722695808f4b6457b320fdc131280796bdceb04ab50fe1795cd540799ebe1698", size = 80313, upload-time = "2025-09-27T18:37:40.426Z" }
wheels = [
    { url = "https://files.pythonhosted.org/packages/08/db/fefacb2136439fc8dd20e797950e749aa1f4997ed584c62cfb8ef7c2be0e/markupsafe-3.0.3-cp311-cp311-macosx_10_9_x86_64.whl", hash = "sha256:1cc7ea17a6824959616c525620e387f6dd30fec8cb44f649e31712db02123dad", size = 11631, upload-time = "2025-09-27T18:36:18.185Z" },
    { url = "https://files.pythonhosted.org/packages/e1/2e/5898933336b61975ce9dc04decbc0a7f2fee78c30353c5efba7f2d6ff27a/markupsafe-3.0.3-cp311-cp311-macosx_11_0_arm64.whl", hash = "sha256:4bd4cd07944443f5a265608cc6aab442e4f74dff8088b0dfc8238647b8f6ae9a", size = 12058, upload-time = "2025-09-27T18:36:19.444Z" },
    { url = "https://files.pythonhosted.org/packages/1d/09/adf2df3699d87d1d8184038df46a9c80d78c0148492323f4693df54e17bb/markupsafe-3.0.3-cp311-cp311-manylinux2014_aarch64.manylinux_2_17_aarch64.manylinux_2_28_aarch64.whl", hash = "sha256:6b5420a1d9450023228968e7e6a9ce57f65d148ab56d2313fcd589eee96a7a50", size = 24287, upload-time = "2025-09-27T18:36:20.768Z" },
    { url = "https://files.pythonhosted.org/packages/30/ac/0273f6fcb5f42e314c6d8cd99effae6a5354604d461b8d392b5ec9530a54/markupsafe-3.0.3-cp311-cp311-manylinux2014_x86_64.manylinux_2_17_x86_64.manylinux_2_28_x86_64.whl", hash = "sha256:0bf2a864d67e76e5c9a34dc26ec616a66b9888e25e7b9460e1c76d3293bd9dbf", size = 22940, upload-time = "2025-09-27T18:36:22.249Z" },
    { url = "https://files.pythonhosted.org/packages/19/ae/31c1be199ef767124c042c6c3e904da327a2f7f0cd63a0337e1eca2967a8/markupsafe-3.0.3-cp311-cp311-manylinux_2_31_riscv64.manylinux_2_39_riscv64.whl", hash = "sha256:bc51efed119bc9cfdf792cdeaa4d67e8f6fcccab66ed4bfdd6bde3e59bfcbb2f", size = 21887, upload-time = "2025-09-27T18:36:23.535Z" },
    { url = "https://files.pythonhosted.org/packages/b2/76/7edcab99d5349a4532a459e1fe64f0b0467a3365056ae550d3bcf3f79e1e/markupsafe-3.0.3-cp311-cp311-musllinux_1_2_aarch64.whl", hash = "sha256:068f375c472b3e7acbe2d5318dea141359e6900156b5b2ba06a30b169086b91a", size = 23692, upload-time = "2025-09-27T18:36:24.823Z" },
    { url = "https://files.pythonhosted.org/packages/a4/28/6e74cdd26d7514849143d69f0bf2399f929c37dc2b31e6829fd2045b2765/markupsafe-3.0.3-cp311-cp311-musllinux_1_2_riscv64.whl", hash = "sha256:7be7b61bb172e1ed687f1754f8e7484f1c8019780f6f6b0786e76bb01c2ae115", size = 21471, upload-time = "2025-09-27T18:36:25.95Z" },
    { url = "https://files.pythonhosted.org/packages/62/7e/a145f36a5c2945673e590850a6f8014318d5577ed7e5920a4b3448e0865d/markupsafe-3.0.3-cp311-cp311-musllinux_1_2_x86_64.whl", hash = "sha256:f9e130248f4462aaa8e2552d547f36ddadbeaa573879158d721bbd33dfe4743a", size = 22923, upload-time = "2025-09-27T18:36:27.109Z" },
    { url = "https://files.pythonhosted.org/packages/0f/62/d9c46a7f5c9adbeeeda52f5b8d802e1094e9717705a645efc71b0913a0a8/markupsafe-3.0.3-cp311-cp311-win32.whl", hash = "sha256:0db14f5dafddbb6d9208827849fad01f1a2609380add406671a26386cdf15a19", size = 14572, upload-time = "2025-09-27T18:36:28.045Z" },
    { url = "https://files.pythonhosted.org/packages/83/8a/4414c03d3f891739326e1783338e48fb49781cc915b2e0ee052aa490d586/markupsafe-3.0.3-cp311-cp311-win_amd64.whl", hash = "sha256:de8a88e63464af587c950061a5e6a67d3632e36df62b986892331d4620a35c01", size = 15077, upload-time = "2025-09-27T18:36:29.025Z" },
    { url = "https://files.pythonhosted.org/packages/35/73/893072b42e6862f319b5207adc9ae06070f095b358655f077f69a35601f0/markupsafe-3.0.3-cp311-cp311-win_arm64.whl", hash = "sha256:3b562dd9e9ea93f13d53989d23a7e775fdfd1066c33494ff43f5418bc8c58a5c", size = 13876, upload-time = "2025-09-27T18:36:29.954Z" },
]

[[package]]
name = "natsort"
version = "8.4.0"
source = { registry = "https://pypi.org/simple" }
sdist = { url = "https://files.pythonhosted.org/packages/e2/a9/a0c57aee75f77794adaf35322f8b6404cbd0f89ad45c87197a937764b7d0/natsort-8.4.0.tar.gz", hash = "sha256:45312c4a0e5507593da193dedd04abb1469253b601ecaf63445ad80f0a1ea581", size = 76575, upload-time = "2023-06-20T04:17:19.925Z" }
wheels = [
    { url = "https://files.pythonhosted.org/packages/ef/82/7a9d0550484a62c6da82858ee9419f3dd1ccc9aa1c26a1e43da3ecd20b0d/natsort-8.4.0-py3-none-any.whl", hash = "sha256:4732914fb471f56b5cce04d7bae6f164a592c7712e1c85f9ef585e197299521c", size = 38268, upload-time = "2023-06-20T04:17:17.522Z" },
]

[[package]]
name = "netaddr"
version = "0.8.0"
source = { registry = "https://pypi.org/simple" }
sdist = { url = "https://files.pythonhosted.org/packages/c3/3b/fe5bda7a3e927d9008c897cf1a0858a9ba9924a6b4750ec1824c9e617587/netaddr-0.8.0.tar.gz", hash = "sha256:d6cc57c7a07b1d9d2e917aa8b36ae8ce61c35ba3fcd1b83ca31c5a0ee2b5a243", size = 1891561, upload-time = "2020-07-03T14:43:37.182Z" }
wheels = [
    { url = "https://files.pythonhosted.org/packages/ff/cd/9cdfea8fc45c56680b798db6a55fa60a22e2d3d3ccf54fc729d083b50ce4/netaddr-0.8.0-py2.py3-none-any.whl", hash = "sha256:9666d0232c32d2656e5e5f8d735f58fd6c7457ce52fc21c98d45f2af78f990ac", size = 1896631, upload-time = "2020-07-03T14:43:51.926Z" },
]

[[package]]
name = "packaging"
version = "25.0"
source = { registry = "https://pypi.org/simple" }
sdist = { url = "https://files.pythonhosted.org/packages/a1/d4/1fc4078c65507b51b96ca8f8c3ba19e6a61c8253c72794544580a7b6c24d/packaging-25.0.tar.gz", hash = "sha256:d443872c98d677bf60f6a1f2f8c1cb748e8fe762d2bf9d3148b5599295b0fc4f", size = 165727, upload-time = "2025-04-19T11:48:59.673Z" }
wheels = [
    { url = "https://files.pythonhosted.org/packages/20/12/38679034af332785aac8774540895e234f4d07f7545804097de4b666afd8/packaging-25.0-py3-none-any.whl", hash = "sha256:29572ef2b1f17581046b3a2227d5c611fb25ec70ca1ba8554b24b0e69331a484", size = 66469, upload-time = "2025-04-19T11:48:57.875Z" },
]

[[package]]
name = "pycparser"
version = "2.23"
source = { registry = "https://pypi.org/simple" }
sdist = { url = "https://files.pythonhosted.org/packages/fe/cf/d2d3b9f5699fb1e4615c8e32ff220203e43b248e1dfcc6736ad9057731ca/pycparser-2.23.tar.gz", hash = "sha256:78816d4f24add8f10a06d6f05b4d424ad9e96cfebf68a4ddc99c65c0720d00c2", size = 173734, upload-time = "2025-09-09T13:23:47.91Z" }
wheels = [
    { url = "https://files.pythonhosted.org/packages/a0/e3/59cd50310fc9b59512193629e1984c1f95e5c8ae6e5d8c69532ccc65a7fe/pycparser-2.23-py3-none-any.whl", hash = "sha256:e5c6e8d3fbad53479cab09ac03729e0a9faf2bee3db8208a550daf5af81a5934", size = 118140, upload-time = "2025-09-09T13:23:46.651Z" },
]

[[package]]
name = "pyproject-hooks"
version = "1.2.0"
source = { registry = "https://pypi.org/simple" }
sdist = { url = "https://files.pythonhosted.org/packages/e7/82/28175b2414effca1cdac8dc99f76d660e7a4fb0ceefa4b4ab8f5f6742925/pyproject_hooks-1.2.0.tar.gz", hash = "sha256:1e859bd5c40fae9448642dd871adf459e5e2084186e8d2c2a79a824c970da1f8", size = 19228, upload-time = "2024-09-29T09:24:13.293Z" }
wheels = [
    { url = "https://files.pythonhosted.org/packages/bd/24/12818598c362d7f300f18e74db45963dbcb85150324092410c8b49405e42/pyproject_hooks-1.2.0-py3-none-any.whl", hash = "sha256:9e5c6bfa8dcc30091c74b0cf803c81fdd29d94f01992a7707bc97babb1141913", size = 10216, upload-time = "2024-09-29T09:24:11.978Z" },
]

[[package]]
name = "pyyaml"
version = "6.0.1"
source = { registry = "https://pypi.org/simple" }
sdist = { url = "https://files.pythonhosted.org/packages/cd/e5/af35f7ea75cf72f2cd079c95ee16797de7cd71f29ea7c68ae5ce7be1eda0/PyYAML-6.0.1.tar.gz", hash = "sha256:bfdf460b1736c775f2ba9f6a92bca30bc2095067b8a9d77876d1fad6cc3b4a43", size = 125201, upload-time = "2023-07-18T00:00:23.308Z" }
wheels = [
    { url = "https://files.pythonhosted.org/packages/ec/0d/26fb23e8863e0aeaac0c64e03fd27367ad2ae3f3cccf3798ee98ce160368/PyYAML-6.0.1-cp311-cp311-macosx_10_9_x86_64.whl", hash = "sha256:6965a7bc3cf88e5a1c3bd2e0b5c22f8d677dc88a455344035f03399034eb3007", size = 187867, upload-time = "2023-07-17T23:57:34.35Z" },
    { url = "https://files.pythonhosted.org/packages/28/09/55f715ddbf95a054b764b547f617e22f1d5e45d83905660e9a088078fe67/PyYAML-6.0.1-cp311-cp311-macosx_11_0_arm64.whl", hash = "sha256:f003ed9ad21d6a4713f0a9b5a7a0a79e08dd0f221aff4525a2be4c346ee60aab", size = 167530, upload-time = "2023-07-17T23:57:36.975Z" },
    { url = "https://files.pythonhosted.org/packages/5e/94/7d5ee059dfb92ca9e62f4057dcdec9ac08a9e42679644854dc01177f8145/PyYAML-6.0.1-cp311-cp311-manylinux_2_17_aarch64.manylinux2014_aarch64.whl", hash = "sha256:42f8152b8dbc4fe7d96729ec2b99c7097d656dc1213a3229ca5383f973a5ed6d", size = 732244, upload-time = "2023-07-17T23:57:43.774Z" },
    { url = "https://files.pythonhosted.org/packages/06/92/e0224aa6ebf9dc54a06a4609da37da40bb08d126f5535d81bff6b417b2ae/PyYAML-6.0.1-cp311-cp311-manylinux_2_17_s390x.manylinux2014_s390x.whl", hash = "sha256:062582fca9fabdd2c8b54a3ef1c978d786e0f6b3a1510e0ac93ef59e0ddae2bc", size = 752871, upload-time = "2023-07-17T23:57:51.921Z" },
    { url = "https://files.pythonhosted.org/packages/7b/5e/efd033ab7199a0b2044dab3b9f7a4f6670e6a52c089de572e928d2873b06/PyYAML-6.0.1-cp311-cp311-manylinux_2_17_x86_64.manylinux2014_x86_64.whl", hash = "sha256:d2b04aac4d386b172d5b9692e2d2da8de7bfb6c387fa4f801fbf6fb2e6ba4673", size = 757729, upload-time = "2023-07-17T23:57:59.865Z" },
    { url = "https://files.pythonhosted.org/packages/03/5c/c4671451b2f1d76ebe352c0945d4cd13500adb5d05f5a51ee296d80152f7/PyYAML-6.0.1-cp311-cp311-musllinux_1_1_x86_64.whl", hash = "sha256:e7d73685e87afe9f3b36c799222440d6cf362062f78be1013661b00c5c6f678b", size = 748528, upload-time = "2023-08-28T18:43:23.207Z" },
    { url = "https://files.pythonhosted.org/packages/73/9c/766e78d1efc0d1fca637a6b62cea1b4510a7fb93617eb805223294fef681/PyYAML-6.0.1-cp311-cp311-win32.whl", hash = "sha256:1635fd110e8d85d55237ab316b5b011de701ea0f29d07611174a1b42f1444741", size = 130286, upload-time = "2023-07-17T23:58:02.964Z" },
    { url = "https://files.pythonhosted.org/packages/b3/34/65bb4b2d7908044963ebf614fe0fdb080773fc7030d7e39c8d3eddcd4257/PyYAML-6.0.1-cp311-cp311-win_amd64.whl", hash = "sha256:bf07ee2fef7014951eeb99f56f39c9bb4af143d8aa3c21b1677805985307da34", size = 144699, upload-time = "2023-07-17T23:58:05.586Z" },
]

[[package]]
name = "setuptools"
version = "80.9.0"
source = { registry = "https://pypi.org/simple" }
sdist = { url = "https://files.pythonhosted.org/packages/18/5d/3bf57dcd21979b887f014ea83c24ae194cfcd12b9e0fda66b957c69d1fca/setuptools-80.9.0.tar.gz", hash = "sha256:f36b47402ecde768dbfafc46e8e4207b4360c654f1f3bb84475f0a28628fb19c", size = 1319958, upload-time = "2025-05-27T00:56:51.443Z" }
wheels = [
    { url = "https://files.pythonhosted.org/packages/a3/dc/17031897dae0efacfea57dfd3a82fdd2a2aeb58e0ff71b77b87e44edc772/setuptools-80.9.0-py3-none-any.whl", hash = "sha256:062d34222ad13e0cc312a4c02d73f059e86a4acbfbdea8f8f76b28c99f306922", size = 1201486, upload-time = "2025-05-27T00:56:49.664Z" },
]

[[package]]
name = "supervisor"
version = "4.2.5"
source = { registry = "https://pypi.org/simple" }
dependencies = [
    { name = "setuptools" },
]
sdist = { url = "https://files.pythonhosted.org/packages/ce/37/517989b05849dd6eaa76c148f24517544704895830a50289cbbf53c7efb9/supervisor-4.2.5.tar.gz", hash = "sha256:34761bae1a23c58192281a5115fb07fbf22c9b0133c08166beffc70fed3ebc12", size = 466073, upload-time = "2022-12-24T01:02:43.705Z" }
wheels = [
    { url = "https://files.pythonhosted.org/packages/2c/7a/0ad3973941590c040475046fef37a2b08a76691e61aa59540828ee235a6e/supervisor-4.2.5-py2.py3-none-any.whl", hash = "sha256:2ecaede32fc25af814696374b79e42644ecaba5c09494c51016ffda9602d0f08", size = 319561, upload-time = "2022-12-24T01:02:40.814Z" },
]

[[package]]
name = "supervisord-dependent-startup"
version = "1.4.0"
source = { registry = "https://pypi.org/simple" }
dependencies = [
    { name = "supervisor" },
    { name = "toposort" },
]
sdist = { url = "https://files.pythonhosted.org/packages/8b/f2/4daab0e3d8d7062cc89689b32410634b969672aacfeb1228ae503e7296b7/supervisord-dependent-startup-1.4.0.tar.gz", hash = "sha256:bc45bd4c7a4a68a35ddf505046d203cb076c35512650af230d156a0570e74813", size = 35074, upload-time = "2019-10-09T12:11:09.974Z" }
wheels = [
    { url = "https://files.pythonhosted.org/packages/0e/66/d386c3d2cf36846ded0b9f4999a6c59fd04fb15d768e59d3acfa039102bc/supervisord_dependent_startup-1.4.0-py2.py3-none-any.whl", hash = "sha256:143a42bcf102010691a8d461d49c3e56ea46aa09e422dabed2b4890ecc67f4d9", size = 38354, upload-time = "2019-10-09T12:11:12.85Z" },
]

[[package]]
name = "tabulate"
version = "0.9.0"
source = { registry = "https://pypi.org/simple" }
sdist = { url = "https://files.pythonhosted.org/packages/ec/fe/802052aecb21e3797b8f7902564ab6ea0d60ff8ca23952079064155d1ae1/tabulate-0.9.0.tar.gz", hash = "sha256:0095b12bf5966de529c0feb1fa08671671b3368eec77d7ef7ab114be2c068b3c", size = 81090, upload-time = "2022-10-06T17:21:48.54Z" }
wheels = [
    { url = "https://files.pythonhosted.org/packages/40/44/4a5f08c96eb108af5cb50b41f76142f0afa346dfa99d5296fe7202a11854/tabulate-0.9.0-py3-none-any.whl", hash = "sha256:024ca478df22e9340661486f85298cff5f6dcdba14f3813e8830015b9ed1948f", size = 35252, upload-time = "2022-10-06T17:21:44.262Z" },
]

[[package]]
name = "toposort"
version = "1.10"
source = { registry = "https://pypi.org/simple" }
sdist = { url = "https://files.pythonhosted.org/packages/69/19/8e955d90985ecbd3b9adb2a759753a6840da2dff3c569d412b2c9217678b/toposort-1.10.tar.gz", hash = "sha256:bfbb479c53d0a696ea7402601f4e693c97b0367837c8898bc6471adfca37a6bd", size = 11132, upload-time = "2023-02-27T13:59:51.834Z" }
wheels = [
    { url = "https://files.pythonhosted.org/packages/f6/17/57b444fd314d5e1593350b9a31d000e7411ba8e17ce12dc7ad54ca76b810/toposort-1.10-py3-none-any.whl", hash = "sha256:cbdbc0d0bee4d2695ab2ceec97fe0679e9c10eab4b2a87a9372b929e70563a87", size = 8500, upload-time = "2023-02-25T20:07:06.538Z" },
]

[[package]]
name = "xmltodict"
version = "0.12.0"
source = { registry = "https://pypi.org/simple" }
sdist = { url = "https://files.pythonhosted.org/packages/58/40/0d783e14112e064127063fbf5d1fe1351723e5dfe9d6daad346a305f6c49/xmltodict-0.12.0.tar.gz", hash = "sha256:50d8c638ed7ecb88d90561beedbf720c9b4e851a9fa6c47ebd64e99d166d8a21", size = 18481, upload-time = "2019-02-11T07:00:24.529Z" }
wheels = [
    { url = "https://files.pythonhosted.org/packages/28/fd/30d5c1d3ac29ce229f6bdc40bbc20b28f716e8b363140c26eff19122d8a5/xmltodict-0.12.0-py2.py3-none-any.whl", hash = "sha256:8bbcb45cc982f48b2ca8fe7e7827c5d792f217ecf1792626f808bf41c3b86051", size = 9170, upload-time = "2019-02-11T07:00:26.288Z" },
]
